
Microsoft Visual Studio Solution File, Format Version 12.00
# Visual Studio 15
VisualStudioVersion = 15.0.27428.2037
MinimumVisualStudioVersion = 10.0.40219.1
Project("{FAE04EC0-301F-11D3-BF4B-00C04F79EFBC}") = "DatabaseC", "DatabaseC\DatabaseC.csproj", "{1B73EE88-B983-4F08-B001-DA9134C0CD51}"
EndProject
Global
	GlobalSection(SolutionConfigurationPlatforms) = preSolution
		Debug|Any CPU = Debug|Any CPU
		Release|Any CPU = Release|Any CPU
	EndGlobalSection
	GlobalSection(ProjectConfigurationPlatforms) = postSolution
		{1B73EE88-B983-4F08-B001-DA9134C0CD51}.Debug|Any CPU.ActiveCfg = Debug|Any CPU
		{1B73EE88-B983-4F08-B001-DA9134C0CD51}.Debug|Any CPU.Build.0 = Debug|Any CPU
		{1B73EE88-B983-4F08-B001-DA9134C0CD51}.Release|Any CPU.ActiveCfg = Release|Any CPU
		{1B73EE88-B983-4F08-B001-DA9134C0CD51}.Release|Any CPU.Build.0 = Release|Any CPU
	EndGlobalSection
	GlobalSection(SolutionProperties) = preSolution
		HideSolutionNode = FALSE
	EndGlobalSection
	GlobalSection(ExtensibilityGlobals) = postSolution
		SolutionGuid = {2D864B12-B459-4F27-B6CE-98A14C2EAC0F}
	EndGlobalSection
EndGlobal
